
Microsoft Visual Studio Solution File, Format Version 12.00
# Visual Studio 14
VisualStudioVersion = 14.0.25123.0
MinimumVisualStudioVersion = 10.0.40219.1
Project("{FAE04EC0-301F-11D3-BF4B-00C04F79EFBC}") = "PizzaMaker", "PizzaMaker\PizzaMaker.csproj", "{69C603B3-70CE-4B69-99A2-6F5B7EA6FEB2}"
EndProject
Project("{FAE04EC0-301F-11D3-BF4B-00C04F79EFBC}") = "PizzaMaker.Logic", "PizzaMaker.Logic\PizzaMaker.Logic.csproj", "{49A3008D-2EDD-46BB-AEEE-0223488D0C58}"
EndProject
Project("{FAE04EC0-301F-11D3-BF4B-00C04F79EFBC}") = "PizzaMaker.Models", "PizzaMaker.Models\PizzaMaker.Models.csproj", "{2ED4317D-647F-4E27-B1ED-37C9AD532554}"
EndProject
Project("{FAE04EC0-301F-11D3-BF4B-00C04F79EFBC}") = "PizzaMaker.Console", "PizzaMaker.Console\PizzaMaker.Console.csproj", "{0C40B1B8-634B-4A1E-952B-10CF36583449}"
EndProject
Project("{FAE04EC0-301F-11D3-BF4B-00C04F79EFBC}") = "Common", "Common\Common.csproj", "{9E59A215-F353-435B-B0D4-A2560AC1F907}"
EndProject
Global
	GlobalSection(SolutionConfigurationPlatforms) = preSolution
		Debug|Any CPU = Debug|Any CPU
		Release|Any CPU = Release|Any CPU
	EndGlobalSection
	GlobalSection(ProjectConfigurationPlatforms) = postSolution
		{69C603B3-70CE-4B69-99A2-6F5B7EA6FEB2}.Debug|Any CPU.ActiveCfg = Debug|Any CPU
		{69C603B3-70CE-4B69-99A2-6F5B7EA6FEB2}.Debug|Any CPU.Build.0 = Debug|Any CPU
		{69C603B3-70CE-4B69-99A2-6F5B7EA6FEB2}.Release|Any CPU.ActiveCfg = Release|Any CPU
		{69C603B3-70CE-4B69-99A2-6F5B7EA6FEB2}.Release|Any CPU.Build.0 = Release|Any CPU
		{49A3008D-2EDD-46BB-AEEE-0223488D0C58}.Debug|Any CPU.ActiveCfg = Debug|Any CPU
		{49A3008D-2EDD-46BB-AEEE-0223488D0C58}.Debug|Any CPU.Build.0 = Debug|Any CPU
		{49A3008D-2EDD-46BB-AEEE-0223488D0C58}.Release|Any CPU.ActiveCfg = Release|Any CPU
		{49A3008D-2EDD-46BB-AEEE-0223488D0C58}.Release|Any CPU.Build.0 = Release|Any CPU
		{2ED4317D-647F-4E27-B1ED-37C9AD532554}.Debug|Any CPU.ActiveCfg = Debug|Any CPU
		{2ED4317D-647F-4E27-B1ED-37C9AD532554}.Debug|Any CPU.Build.0 = Debug|Any CPU
		{2ED4317D-647F-4E27-B1ED-37C9AD532554}.Release|Any CPU.ActiveCfg = Release|Any CPU
		{2ED4317D-647F-4E27-B1ED-37C9AD532554}.Release|Any CPU.Build.0 = Release|Any CPU
		{0C40B1B8-634B-4A1E-952B-10CF36583449}.Debug|Any CPU.ActiveCfg = Debug|Any CPU
		{0C40B1B8-634B-4A1E-952B-10CF36583449}.Debug|Any CPU.Build.0 = Debug|Any CPU
		{0C40B1B8-634B-4A1E-952B-10CF36583449}.Release|Any CPU.ActiveCfg = Release|Any CPU
		{0C40B1B8-634B-4A1E-952B-10CF36583449}.Release|Any CPU.Build.0 = Release|Any CPU
		{9E59A215-F353-435B-B0D4-A2560AC1F907}.Debug|Any CPU.ActiveCfg = Debug|Any CPU
		{9E59A215-F353-435B-B0D4-A2560AC1F907}.Debug|Any CPU.Build.0 = Debug|Any CPU
		{9E59A215-F353-435B-B0D4-A2560AC1F907}.Release|Any CPU.ActiveCfg = Release|Any CPU
		{9E59A215-F353-435B-B0D4-A2560AC1F907}.Release|Any CPU.Build.0 = Release|Any CPU
	EndGlobalSection
	GlobalSection(SolutionProperties) = preSolution
		HideSolutionNode = FALSE
	EndGlobalSection
EndGlobal
